// !$*UTF8*$!
{
	archiveVersion = 1;
	classes = {
	};
	objectVersion = 50;
	objects = {

/* Begin PBXBuildFile section */
		0E7B9D03C528618AE8FF8D84 /* Pods_RXSwift_Examples.framework in Frameworks */ = {isa = PBXBuildFile; fileRef = B2B098908BFF7458C7522A40 /* Pods_RXSwift_Examples.framework */; };
		22BA073D7457389611F18812 /* Pods_RXSwift_ExamplesTests.framework in Frameworks */ = {isa = PBXBuildFile; fileRef = E4E0F9428DE69B468AB2E9A6 /* Pods_RXSwift_ExamplesTests.framework */; };
		9BA4C6F7746678944C3F858B /* Pods_RXSwift_ExamplesUITests.framework in Frameworks */ = {isa = PBXBuildFile; fileRef = D8C61CA614EFC5058B46EB9C /* Pods_RXSwift_ExamplesUITests.framework */; };
		CDAB99F72151756200850793 /* AppDelegate.swift in Sources */ = {isa = PBXBuildFile; fileRef = CDAB99F62151756200850793 /* AppDelegate.swift */; };
		CDAB99F92151756200850793 /* ViewController.swift in Sources */ = {isa = PBXBuildFile; fileRef = CDAB99F82151756200850793 /* ViewController.swift */; };
		CDAB99FC2151756200850793 /* Main.storyboard in Resources */ = {isa = PBXBuildFile; fileRef = CDAB99FA2151756200850793 /* Main.storyboard */; };
		CDAB99FE2151756400850793 /* Assets.xcassets in Resources */ = {isa = PBXBuildFile; fileRef = CDAB99FD2151756400850793 /* Assets.xcassets */; };
		CDAB9A012151756400850793 /* LaunchScreen.storyboard in Resources */ = {isa = PBXBuildFile; fileRef = CDAB99FF2151756400850793 /* LaunchScreen.storyboard */; };
		CDAB9A0C2151756400850793 /* RXSwift_ExamplesTests.swift in Sources */ = {isa = PBXBuildFile; fileRef = CDAB9A0B2151756400850793 /* RXSwift_ExamplesTests.swift */; };
		CDAB9A172151756400850793 /* RXSwift_ExamplesUITests.swift in Sources */ = {isa = PBXBuildFile; fileRef = CDAB9A162151756400850793 /* RXSwift_ExamplesUITests.swift */; };
/* End PBXBuildFile section */

/* Begin PBXContainerItemProxy section */
		CDAB9A082151756400850793 /* PBXContainerItemProxy */ = {
			isa = PBXContainerItemProxy;
			containerPortal = CDAB99EB2151756200850793 /* Project object */;
			proxyType = 1;
			remoteGlobalIDString = CDAB99F22151756200850793;
			remoteInfo = "RXSwift-Examples";
		};
		CDAB9A132151756400850793 /* PBXContainerItemProxy */ = {
			isa = PBXContainerItemProxy;
			containerPortal = CDAB99EB2151756200850793 /* Project object */;
			proxyType = 1;
			remoteGlobalIDString = CDAB99F22151756200850793;
			remoteInfo = "RXSwift-Examples";
		};
/* End PBXContainerItemProxy section */

/* Begin PBXFileReference section */
		01E2B0A605EAAFD1A934E7DF /* Pods-RXSwift-ExamplesTests.release.xcconfig */ = {isa = PBXFileReference; includeInIndex = 1; lastKnownFileType = text.xcconfig; name = "Pods-RXSwift-ExamplesTests.release.xcconfig"; path = "Pods/Target Support Files/Pods-RXSwift-ExamplesTests/Pods-RXSwift-ExamplesTests.release.xcconfig"; sourceTree = "<group>"; };
		4DB0E7AD02954C7A71B61C33 /* Pods-RXSwift-ExamplesUITests.debug.xcconfig */ = {isa = PBXFileReference; includeInIndex = 1; lastKnownFileType = text.xcconfig; name = "Pods-RXSwift-ExamplesUITests.debug.xcconfig"; path = "Pods/Target Support Files/Pods-RXSwift-ExamplesUITests/Pods-RXSwift-ExamplesUITests.debug.xcconfig"; sourceTree = "<group>"; };
		527E41776C5BE1B84153AF89 /* Pods-RXSwift-Examples.debug.xcconfig */ = {isa = PBXFileReference; includeInIndex = 1; lastKnownFileType = text.xcconfig; name = "Pods-RXSwift-Examples.debug.xcconfig"; path = "Pods/Target Support Files/Pods-RXSwift-Examples/Pods-RXSwift-Examples.debug.xcconfig"; sourceTree = "<group>"; };
		A0DBD8EE7AEC7B59D00BE59D /* Pods-RXSwift-Examples.release.xcconfig */ = {isa = PBXFileReference; includeInIndex = 1; lastKnownFileType = text.xcconfig; name = "Pods-RXSwift-Examples.release.xcconfig"; path = "Pods/Target Support Files/Pods-RXSwift-Examples/Pods-RXSwift-Examples.release.xcconfig"; sourceTree = "<group>"; };
		B2B098908BFF7458C7522A40 /* Pods_RXSwift_Examples.framework */ = {isa = PBXFileReference; explicitFileType = wrapper.framework; includeInIndex = 0; path = Pods_RXSwift_Examples.framework; sourceTree = BUILT_PRODUCTS_DIR; };
		B4E7F84EE40683BD8B4DBDE7 /* Pods-RXSwift-ExamplesUITests.release.xcconfig */ = {isa = PBXFileReference; includeInIndex = 1; lastKnownFileType = text.xcconfig; name = "Pods-RXSwift-ExamplesUITests.release.xcconfig"; path = "Pods/Target Support Files/Pods-RXSwift-ExamplesUITests/Pods-RXSwift-ExamplesUITests.release.xcconfig"; sourceTree = "<group>"; };
		CDAB99F32151756200850793 /* RXSwift-Examples.app */ = {isa = PBXFileReference; explicitFileType = wrapper.application; includeInIndex = 0; path = "RXSwift-Examples.app"; sourceTree = BUILT_PRODUCTS_DIR; };
		CDAB99F62151756200850793 /* AppDelegate.swift */ = {isa = PBXFileReference; lastKnownFileType = sourcecode.swift; path = AppDelegate.swift; sourceTree = "<group>"; };
		CDAB99F82151756200850793 /* ViewController.swift */ = {isa = PBXFileReference; lastKnownFileType = sourcecode.swift; path = ViewController.swift; sourceTree = "<group>"; };
		CDAB99FB2151756200850793 /* Base */ = {isa = PBXFileReference; lastKnownFileType = file.storyboard; name = Base; path = Base.lproj/Main.storyboard; sourceTree = "<group>"; };
		CDAB99FD2151756400850793 /* Assets.xcassets */ = {isa = PBXFileReference; lastKnownFileType = folder.assetcatalog; path = Assets.xcassets; sourceTree = "<group>"; };
		CDAB9A002151756400850793 /* Base */ = {isa = PBXFileReference; lastKnownFileType = file.storyboard; name = Base; path = Base.lproj/LaunchScreen.storyboard; sourceTree = "<group>"; };
		CDAB9A022151756400850793 /* Info.plist */ = {isa = PBXFileReference; lastKnownFileType = text.plist.xml; path = Info.plist; sourceTree = "<group>"; };
		CDAB9A072151756400850793 /* RXSwift-ExamplesTests.xctest */ = {isa = PBXFileReference; explicitFileType = wrapper.cfbundle; includeInIndex = 0; path = "RXSwift-ExamplesTests.xctest"; sourceTree = BUILT_PRODUCTS_DIR; };
		CDAB9A0B2151756400850793 /* RXSwift_ExamplesTests.swift */ = {isa = PBXFileReference; lastKnownFileType = sourcecode.swift; path = RXSwift_ExamplesTests.swift; sourceTree = "<group>"; };
		CDAB9A0D2151756400850793 /* Info.plist */ = {isa = PBXFileReference; lastKnownFileType = text.plist.xml; path = Info.plist; sourceTree = "<group>"; };
		CDAB9A122151756400850793 /* RXSwift-ExamplesUITests.xctest */ = {isa = PBXFileReference; explicitFileType = wrapper.cfbundle; includeInIndex = 0; path = "RXSwift-ExamplesUITests.xctest"; sourceTree = BUILT_PRODUCTS_DIR; };
		CDAB9A162151756400850793 /* RXSwift_ExamplesUITests.swift */ = {isa = PBXFileReference; lastKnownFileType = sourcecode.swift; path = RXSwift_ExamplesUITests.swift; sourceTree = "<group>"; };
		CDAB9A182151756400850793 /* Info.plist */ = {isa = PBXFileReference; lastKnownFileType = text.plist.xml; path = Info.plist; sourceTree = "<group>"; };
		D8C61CA614EFC5058B46EB9C /* Pods_RXSwift_ExamplesUITests.framework */ = {isa = PBXFileReference; explicitFileType = wrapper.framework; includeInIndex = 0; path = Pods_RXSwift_ExamplesUITests.framework; sourceTree = BUILT_PRODUCTS_DIR; };
		E4E0F9428DE69B468AB2E9A6 /* Pods_RXSwift_ExamplesTests.framework */ = {isa = PBXFileReference; explicitFileType = wrapper.framework; includeInIndex = 0; path = Pods_RXSwift_ExamplesTests.framework; sourceTree = BUILT_PRODUCTS_DIR; };
		EAAABA5A23520939D848EC06 /* Pods-RXSwift-ExamplesTests.debug.xcconfig */ = {isa = PBXFileReference; includeInIndex = 1; lastKnownFileType = text.xcconfig; name = "Pods-RXSwift-ExamplesTests.debug.xcconfig"; path = "Pods/Target Support Files/Pods-RXSwift-ExamplesTests/Pods-RXSwift-ExamplesTests.debug.xcconfig"; sourceTree = "<group>"; };
/* End PBXFileReference section */

/* Begin PBXFrameworksBuildPhase section */
		CDAB99F02151756200850793 /* Frameworks */ = {
			isa = PBXFrameworksBuildPhase;
			buildActionMask = 2147483647;
			files = (
				0E7B9D03C528618AE8FF8D84 /* Pods_RXSwift_Examples.framework in Frameworks */,
			);
			runOnlyForDeploymentPostprocessing = 0;
		};
		CDAB9A042151756400850793 /* Frameworks */ = {
			isa = PBXFrameworksBuildPhase;
			buildActionMask = 2147483647;
			files = (
				22BA073D7457389611F18812 /* Pods_RXSwift_ExamplesTests.framework in Frameworks */,
			);
			runOnlyForDeploymentPostprocessing = 0;
		};
		CDAB9A0F2151756400850793 /* Frameworks */ = {
			isa = PBXFrameworksBuildPhase;
			buildActionMask = 2147483647;
			files = (
				9BA4C6F7746678944C3F858B /* Pods_RXSwift_ExamplesUITests.framework in Frameworks */,
			);
			runOnlyForDeploymentPostprocessing = 0;
		};
/* End PBXFrameworksBuildPhase section */

/* Begin PBXGroup section */
		0F3A58DDD0DA8700F765A0B6 /* Frameworks */ = {
			isa = PBXGroup;
			children = (
				B2B098908BFF7458C7522A40 /* Pods_RXSwift_Examples.framework */,
				E4E0F9428DE69B468AB2E9A6 /* Pods_RXSwift_ExamplesTests.framework */,
				D8C61CA614EFC5058B46EB9C /* Pods_RXSwift_ExamplesUITests.framework */,
			);
			name = Frameworks;
			sourceTree = "<group>";
		};
		CDAB99EA2151756200850793 = {
			isa = PBXGroup;
			children = (
				CDAB99F52151756200850793 /* RXSwift-Examples */,
				CDAB9A0A2151756400850793 /* RXSwift-ExamplesTests */,
				CDAB9A152151756400850793 /* RXSwift-ExamplesUITests */,
				CDAB99F42151756200850793 /* Products */,
				EB393015B28FCC659B922111 /* Pods */,
				0F3A58DDD0DA8700F765A0B6 /* Frameworks */,
			);
			sourceTree = "<group>";
		};
		CDAB99F42151756200850793 /* Products */ = {
			isa = PBXGroup;
			children = (
				CDAB99F32151756200850793 /* RXSwift-Examples.app */,
				CDAB9A072151756400850793 /* RXSwift-ExamplesTests.xctest */,
				CDAB9A122151756400850793 /* RXSwift-ExamplesUITests.xctest */,
			);
			name = Products;
			sourceTree = "<group>";
		};
		CDAB99F52151756200850793 /* RXSwift-Examples */ = {
			isa = PBXGroup;
			children = (
				CDAB99F62151756200850793 /* AppDelegate.swift */,
				CDAB99F82151756200850793 /* ViewController.swift */,
				CDAB99FA2151756200850793 /* Main.storyboard */,
				CDAB99FD2151756400850793 /* Assets.xcassets */,
				CDAB99FF2151756400850793 /* LaunchScreen.storyboard */,
				CDAB9A022151756400850793 /* Info.plist */,
			);
			path = "RXSwift-Examples";
			sourceTree = "<group>";
		};
		CDAB9A0A2151756400850793 /* RXSwift-ExamplesTests */ = {
			isa = PBXGroup;
			children = (
				CDAB9A0B2151756400850793 /* RXSwift_ExamplesTests.swift */,
				CDAB9A0D2151756400850793 /* Info.plist */,
			);
			path = "RXSwift-ExamplesTests";
			sourceTree = "<group>";
		};
		CDAB9A152151756400850793 /* RXSwift-ExamplesUITests */ = {
			isa = PBXGroup;
			children = (
				CDAB9A162151756400850793 /* RXSwift_ExamplesUITests.swift */,
				CDAB9A182151756400850793 /* Info.plist */,
			);
			path = "RXSwift-ExamplesUITests";
			sourceTree = "<group>";
		};
		EB393015B28FCC659B922111 /* Pods */ = {
			isa = PBXGroup;
			children = (
				527E41776C5BE1B84153AF89 /* Pods-RXSwift-Examples.debug.xcconfig */,
				A0DBD8EE7AEC7B59D00BE59D /* Pods-RXSwift-Examples.release.xcconfig */,
				EAAABA5A23520939D848EC06 /* Pods-RXSwift-ExamplesTests.debug.xcconfig */,
				01E2B0A605EAAFD1A934E7DF /* Pods-RXSwift-ExamplesTests.release.xcconfig */,
				4DB0E7AD02954C7A71B61C33 /* Pods-RXSwift-ExamplesUITests.debug.xcconfig */,
				B4E7F84EE40683BD8B4DBDE7 /* Pods-RXSwift-ExamplesUITests.release.xcconfig */,
			);
			name = Pods;
			sourceTree = "<group>";
		};
/* End PBXGroup section */

/* Begin PBXNativeTarget section */
		CDAB99F22151756200850793 /* RXSwift-Examples */ = {
			isa = PBXNativeTarget;
			buildConfigurationList = CDAB9A1B2151756400850793 /* Build configuration list for PBXNativeTarget "RXSwift-Examples" */;
			buildPhases = (
				2646B3C23EFFC2A9C9872321 /* [CP] Check Pods Manifest.lock */,
				CDAB99EF2151756200850793 /* Sources */,
				CDAB99F02151756200850793 /* Frameworks */,
				CDAB99F12151756200850793 /* Resources */,
				E355EFC6DFD294E0099A5FB2 /* [CP] Embed Pods Frameworks */,
			);
			buildRules = (
			);
			dependencies = (
			);
			name = "RXSwift-Examples";
			productName = "RXSwift-Examples";
			productReference = CDAB99F32151756200850793 /* RXSwift-Examples.app */;
			productType = "com.apple.product-type.application";
		};
		CDAB9A062151756400850793 /* RXSwift-ExamplesTests */ = {
			isa = PBXNativeTarget;
			buildConfigurationList = CDAB9A1E2151756400850793 /* Build configuration list for PBXNativeTarget "RXSwift-ExamplesTests" */;
			buildPhases = (
				5330FFE5FD4862B7E8A282B4 /* [CP] Check Pods Manifest.lock */,
				CDAB9A032151756400850793 /* Sources */,
				CDAB9A042151756400850793 /* Frameworks */,
				CDAB9A052151756400850793 /* Resources */,
			);
			buildRules = (
			);
			dependencies = (
				CDAB9A092151756400850793 /* PBXTargetDependency */,
			);
			name = "RXSwift-ExamplesTests";
			productName = "RXSwift-ExamplesTests";
			productReference = CDAB9A072151756400850793 /* RXSwift-ExamplesTests.xctest */;
			productType = "com.apple.product-type.bundle.unit-test";
		};
		CDAB9A112151756400850793 /* RXSwift-ExamplesUITests */ = {
			isa = PBXNativeTarget;
			buildConfigurationList = CDAB9A212151756400850793 /* Build configuration list for PBXNativeTarget "RXSwift-ExamplesUITests" */;
			buildPhases = (
				50292D0FCDFF43D22C249519 /* [CP] Check Pods Manifest.lock */,
				CDAB9A0E2151756400850793 /* Sources */,
				CDAB9A0F2151756400850793 /* Frameworks */,
				CDAB9A102151756400850793 /* Resources */,
			);
			buildRules = (
			);
			dependencies = (
				CDAB9A142151756400850793 /* PBXTargetDependency */,
			);
			name = "RXSwift-ExamplesUITests";
			productName = "RXSwift-ExamplesUITests";
			productReference = CDAB9A122151756400850793 /* RXSwift-ExamplesUITests.xctest */;
			productType = "com.apple.product-type.bundle.ui-testing";
		};
/* End PBXNativeTarget section */

/* Begin PBXProject section */
		CDAB99EB2151756200850793 /* Project object */ = {
			isa = PBXProject;
			attributes = {
				LastSwiftUpdateCheck = 0930;
				LastUpgradeCheck = 0930;
				ORGANIZATIONNAME = "Leonardo Geus";
				TargetAttributes = {
					CDAB99F22151756200850793 = {
						CreatedOnToolsVersion = 9.3;
					};
					CDAB9A062151756400850793 = {
						CreatedOnToolsVersion = 9.3;
						TestTargetID = CDAB99F22151756200850793;
					};
					CDAB9A112151756400850793 = {
						CreatedOnToolsVersion = 9.3;
						TestTargetID = CDAB99F22151756200850793;
					};
				};
			};
			buildConfigurationList = CDAB99EE2151756200850793 /* Build configuration list for PBXProject "RXSwift-Examples" */;
			compatibilityVersion = "Xcode 9.3";
			developmentRegion = en;
			hasScannedForEncodings = 0;
			knownRegions = (
				en,
				Base,
			);
			mainGroup = CDAB99EA2151756200850793;
			productRefGroup = CDAB99F42151756200850793 /* Products */;
			projectDirPath = "";
			projectRoot = "";
			targets = (
				CDAB99F22151756200850793 /* RXSwift-Examples */,
				CDAB9A062151756400850793 /* RXSwift-ExamplesTests */,
				CDAB9A112151756400850793 /* RXSwift-ExamplesUITests */,
			);
		};
/* End PBXProject section */

/* Begin PBXResourcesBuildPhase section */
		CDAB99F12151756200850793 /* Resources */ = {
			isa = PBXResourcesBuildPhase;
			buildActionMask = 2147483647;
			files = (
				CDAB9A012151756400850793 /* LaunchScreen.storyboard in Resources */,
				CDAB99FE2151756400850793 /* Assets.xcassets in Resources */,
				CDAB99FC2151756200850793 /* Main.storyboard in Resources */,
			);
			runOnlyForDeploymentPostprocessing = 0;
		};
		CDAB9A052151756400850793 /* Resources */ = {
			isa = PBXResourcesBuildPhase;
			buildActionMask = 2147483647;
			files = (
			);
			runOnlyForDeploymentPostprocessing = 0;
		};
		CDAB9A102151756400850793 /* Resources */ = {
			isa = PBXResourcesBuildPhase;
			buildActionMask = 2147483647;
			files = (
			);
			runOnlyForDeploymentPostprocessing = 0;
		};
/* End PBXResourcesBuildPhase section */

/* Begin PBXShellScriptBuildPhase section */
		2646B3C23EFFC2A9C9872321 /* [CP] Check Pods Manifest.lock */ = {
			isa = PBXShellScriptBuildPhase;
			buildActionMask = 2147483647;
			files = (
			);
			inputPaths = (
				"${PODS_PODFILE_DIR_PATH}/Podfile.lock",
				"${PODS_ROOT}/Manifest.lock",
			);
			name = "[CP] Check Pods Manifest.lock";
			outputPaths = (
				"$(DERIVED_FILE_DIR)/Pods-RXSwift-Examples-checkManifestLockResult.txt",
			);
			runOnlyForDeploymentPostprocessing = 0;
			shellPath = /bin/sh;
			shellScript = "diff \"${PODS_PODFILE_DIR_PATH}/Podfile.lock\" \"${PODS_ROOT}/Manifest.lock\" > /dev/null\nif [ $? != 0 ] ; then\n    # print error to STDERR\n    echo \"error: The sandbox is not in sync with the Podfile.lock. Run 'pod install' or update your CocoaPods installation.\" >&2\n    exit 1\nfi\n# This output is used by Xcode 'outputs' to avoid re-running this script phase.\necho \"SUCCESS\" > \"${SCRIPT_OUTPUT_FILE_0}\"\n";
			showEnvVarsInLog = 0;
		};
		50292D0FCDFF43D22C249519 /* [CP] Check Pods Manifest.lock */ = {
			isa = PBXShellScriptBuildPhase;
			buildActionMask = 2147483647;
			files = (
			);
			inputPaths = (
				"${PODS_PODFILE_DIR_PATH}/Podfile.lock",
				"${PODS_ROOT}/Manifest.lock",
			);
			name = "[CP] Check Pods Manifest.lock";
			outputPaths = (
				"$(DERIVED_FILE_DIR)/Pods-RXSwift-ExamplesUITests-checkManifestLockResult.txt",
			);
			runOnlyForDeploymentPostprocessing = 0;
			shellPath = /bin/sh;
			shellScript = "diff \"${PODS_PODFILE_DIR_PATH}/Podfile.lock\" \"${PODS_ROOT}/Manifest.lock\" > /dev/null\nif [ $? != 0 ] ; then\n    # print error to STDERR\n    echo \"error: The sandbox is not in sync with the Podfile.lock. Run 'pod install' or update your CocoaPods installation.\" >&2\n    exit 1\nfi\n# This output is used by Xcode 'outputs' to avoid re-running this script phase.\necho \"SUCCESS\" > \"${SCRIPT_OUTPUT_FILE_0}\"\n";
			showEnvVarsInLog = 0;
		};
		5330FFE5FD4862B7E8A282B4 /* [CP] Check Pods Manifest.lock */ = {
			isa = PBXShellScriptBuildPhase;
			buildActionMask = 2147483647;
			files = (
			);
			inputPaths = (
				"${PODS_PODFILE_DIR_PATH}/Podfile.lock",
				"${PODS_ROOT}/Manifest.lock",
			);
			name = "[CP] Check Pods Manifest.lock";
			outputPaths = (
				"$(DERIVED_FILE_DIR)/Pods-RXSwift-ExamplesTests-checkManifestLockResult.txt",
			);
			runOnlyForDeploymentPostprocessing = 0;
			shellPath = /bin/sh;
			shellScript = "diff \"${PODS_PODFILE_DIR_PATH}/Podfile.lock\" \"${PODS_ROOT}/Manifest.lock\" > /dev/null\nif [ $? != 0 ] ; then\n    # print error to STDERR\n    echo \"error: The sandbox is not in sync with the Podfile.lock. Run 'pod install' or update your CocoaPods installation.\" >&2\n    exit 1\nfi\n# This output is used by Xcode 'outputs' to avoid re-running this script phase.\necho \"SUCCESS\" > \"${SCRIPT_OUTPUT_FILE_0}\"\n";
			showEnvVarsInLog = 0;
		};
		E355EFC6DFD294E0099A5FB2 /* [CP] Embed Pods Frameworks */ = {
			isa = PBXShellScriptBuildPhase;
			buildActionMask = 2147483647;
			files = (
			);
			inputPaths = (
				"${SRCROOT}/Pods/Target Support Files/Pods-RXSwift-Examples/Pods-RXSwift-Examples-frameworks.sh",
				"${BUILT_PRODUCTS_DIR}/RxCocoa/RxCocoa.framework",
				"${BUILT_PRODUCTS_DIR}/RxSwift/RxSwift.framework",
			);
			name = "[CP] Embed Pods Frameworks";
			outputPaths = (
				"${TARGET_BUILD_DIR}/${FRAMEWORKS_FOLDER_PATH}/RxCocoa.framework",
				"${TARGET_BUILD_DIR}/${FRAMEWORKS_FOLDER_PATH}/RxSwift.framework",
			);
			runOnlyForDeploymentPostprocessing = 0;
			shellPath = /bin/sh;
			shellScript = "\"${SRCROOT}/Pods/Target Support Files/Pods-RXSwift-Examples/Pods-RXSwift-Examples-frameworks.sh\"\n";
			showEnvVarsInLog = 0;
		};
/* End PBXShellScriptBuildPhase section */

/* Begin PBXSourcesBuildPhase section */
		CDAB99EF2151756200850793 /* Sources */ = {
			isa = PBXSourcesBuildPhase;
			buildActionMask = 2147483647;
			files = (
				CDAB99F92151756200850793 /* ViewController.swift in Sources */,
				CDAB99F72151756200850793 /* AppDelegate.swift in Sources */,
			);
			runOnlyForDeploymentPostprocessing = 0;
		};
		CDAB9A032151756400850793 /* Sources */ = {
			isa = PBXSourcesBuildPhase;
			buildActionMask = 2147483647;
			files = (
				CDAB9A0C2151756400850793 /* RXSwift_ExamplesTests.swift in Sources */,
			);
			runOnlyForDeploymentPostprocessing = 0;
		};
		CDAB9A0E2151756400850793 /* Sources */ = {
			isa = PBXSourcesBuildPhase;
			buildActionMask = 2147483647;
			files = (
				CDAB9A172151756400850793 /* RXSwift_ExamplesUITests.swift in Sources */,
			);
			runOnlyForDeploymentPostprocessing = 0;
		};
/* End PBXSourcesBuildPhase section */

/* Begin PBXTargetDependency section */
		CDAB9A092151756400850793 /* PBXTargetDependency */ = {
			isa = PBXTargetDependency;
			target = CDAB99F22151756200850793 /* RXSwift-Examples */;
			targetProxy = CDAB9A082151756400850793 /* PBXContainerItemProxy */;
		};
		CDAB9A142151756400850793 /* PBXTargetDependency */ = {
			isa = PBXTargetDependency;
			target = CDAB99F22151756200850793 /* RXSwift-Examples */;
			targetProxy = CDAB9A132151756400850793 /* PBXContainerItemProxy */;
		};
/* End PBXTargetDependency section */

/* Begin PBXVariantGroup section */
		CDAB99FA2151756200850793 /* Main.storyboard */ = {
			isa = PBXVariantGroup;
			children = (
				CDAB99FB2151756200850793 /* Base */,
			);
			name = Main.storyboard;
			sourceTree = "<group>";
		};
		CDAB99FF2151756400850793 /* LaunchScreen.storyboard */ = {
			isa = PBXVariantGroup;
			children = (
				CDAB9A002151756400850793 /* Base */,
			);
			name = LaunchScreen.storyboard;
			sourceTree = "<group>";
		};
/* End PBXVariantGroup section */

/* Begin XCBuildConfiguration section */
		CDAB9A192151756400850793 /* Debug */ = {
			isa = XCBuildConfiguration;
			buildSettings = {
				ALWAYS_SEARCH_USER_PATHS = NO;
				CLANG_ANALYZER_NONNULL = YES;
				CLANG_ANALYZER_NUMBER_OBJECT_CONVERSION = YES_AGGRESSIVE;
				CLANG_CXX_LANGUAGE_STANDARD = "gnu++14";
				CLANG_CXX_LIBRARY = "libc++";
				CLANG_ENABLE_MODULES = YES;
				CLANG_ENABLE_OBJC_ARC = YES;
				CLANG_ENABLE_OBJC_WEAK = YES;
				CLANG_WARN_BLOCK_CAPTURE_AUTORELEASING = YES;
				CLANG_WARN_BOOL_CONVERSION = YES;
				CLANG_WARN_COMMA = YES;
				CLANG_WARN_CONSTANT_CONVERSION = YES;
				CLANG_WARN_DEPRECATED_OBJC_IMPLEMENTATIONS = YES;
				CLANG_WARN_DIRECT_OBJC_ISA_USAGE = YES_ERROR;
				CLANG_WARN_DOCUMENTATION_COMMENTS = YES;
				CLANG_WARN_EMPTY_BODY = YES;
				CLANG_WARN_ENUM_CONVERSION = YES;
				CLANG_WARN_INFINITE_RECURSION = YES;
				CLANG_WARN_INT_CONVERSION = YES;
				CLANG_WARN_NON_LITERAL_NULL_CONVERSION = YES;
				CLANG_WARN_OBJC_IMPLICIT_RETAIN_SELF = YES;
				CLANG_WARN_OBJC_LITERAL_CONVERSION = YES;
				CLANG_WARN_OBJC_ROOT_CLASS = YES_ERROR;
				CLANG_WARN_RANGE_LOOP_ANALYSIS = YES;
				CLANG_WARN_STRICT_PROTOTYPES = YES;
				CLANG_WARN_SUSPICIOUS_MOVE = YES;
				CLANG_WARN_UNGUARDED_AVAILABILITY = YES_AGGRESSIVE;
				CLANG_WARN_UNREACHABLE_CODE = YES;
				CLANG_WARN__DUPLICATE_METHOD_MATCH = YES;
				CODE_SIGN_IDENTITY = "iPhone Developer";
				COPY_PHASE_STRIP = NO;
				DEBUG_INFORMATION_FORMAT = dwarf;
				ENABLE_STRICT_OBJC_MSGSEND = YES;
				ENABLE_TESTABILITY = YES;
				GCC_C_LANGUAGE_STANDARD = gnu11;
				GCC_DYNAMIC_NO_PIC = NO;
				GCC_NO_COMMON_BLOCKS = YES;
				GCC_OPTIMIZATION_LEVEL = 0;
				GCC_PREPROCESSOR_DEFINITIONS = (
					"DEBUG=1",
					"$(inherited)",
				);
				GCC_WARN_64_TO_32_BIT_CONVERSION = YES;
				GCC_WARN_ABOUT_RETURN_TYPE = YES_ERROR;
				GCC_WARN_UNDECLARED_SELECTOR = YES;
				GCC_WARN_UNINITIALIZED_AUTOS = YES_AGGRESSIVE;
				GCC_WARN_UNUSED_FUNCTION = YES;
				GCC_WARN_UNUSED_VARIABLE = YES;
				IPHONEOS_DEPLOYMENT_TARGET = 11.3;
				MTL_ENABLE_DEBUG_INFO = YES;
				ONLY_ACTIVE_ARCH = YES;
				SDKROOT = iphoneos;
				SWIFT_ACTIVE_COMPILATION_CONDITIONS = DEBUG;
				SWIFT_OPTIMIZATION_LEVEL = "-Onone";
			};
			name = Debug;
		};
		CDAB9A1A2151756400850793 /* Release */ = {
			isa = XCBuildConfiguration;
			buildSettings = {
				ALWAYS_SEARCH_USER_PATHS = NO;
				CLANG_ANALYZER_NONNULL = YES;
				CLANG_ANALYZER_NUMBER_OBJECT_CONVERSION = YES_AGGRESSIVE;
				CLANG_CXX_LANGUAGE_STANDARD = "gnu++14";
				CLANG_CXX_LIBRARY = "libc++";
				CLANG_ENABLE_MODULES = YES;
				CLANG_ENABLE_OBJC_ARC = YES;
				CLANG_ENABLE_OBJC_WEAK = YES;
				CLANG_WARN_BLOCK_CAPTURE_AUTORELEASING = YES;
				CLANG_WARN_BOOL_CONVERSION = YES;
				CLANG_WARN_COMMA = YES;
				CLANG_WARN_CONSTANT_CONVERSION = YES;
				CLANG_WARN_DEPRECATED_OBJC_IMPLEMENTATIONS = YES;
				CLANG_WARN_DIRECT_OBJC_ISA_USAGE = YES_ERROR;
				CLANG_WARN_DOCUMENTATION_COMMENTS = YES;
				CLANG_WARN_EMPTY_BODY = YES;
				CLANG_WARN_ENUM_CONVERSION = YES;
				CLANG_WARN_INFINITE_RECURSION = YES;
				CLANG_WARN_INT_CONVERSION = YES;
				CLANG_WARN_NON_LITERAL_NULL_CONVERSION = YES;
				CLANG_WARN_OBJC_IMPLICIT_RETAIN_SELF = YES;
				CLANG_WARN_OBJC_LITERAL_CONVERSION = YES;
				CLANG_WARN_OBJC_ROOT_CLASS = YES_ERROR;
				CLANG_WARN_RANGE_LOOP_ANALYSIS = YES;
				CLANG_WARN_STRICT_PROTOTYPES = YES;
				CLANG_WARN_SUSPICIOUS_MOVE = YES;
				CLANG_WARN_UNGUARDED_AVAILABILITY = YES_AGGRESSIVE;
				CLANG_WARN_UNREACHABLE_CODE = YES;
				CLANG_WARN__DUPLICATE_METHOD_MATCH = YES;
				CODE_SIGN_IDENTITY = "iPhone Developer";
				COPY_PHASE_STRIP = NO;
				DEBUG_INFORMATION_FORMAT = "dwarf-with-dsym";
				ENABLE_NS_ASSERTIONS = NO;
				ENABLE_STRICT_OBJC_MSGSEND = YES;
				GCC_C_LANGUAGE_STANDARD = gnu11;
				GCC_NO_COMMON_BLOCKS = YES;
				GCC_WARN_64_TO_32_BIT_CONVERSION = YES;
				GCC_WARN_ABOUT_RETURN_TYPE = YES_ERROR;
				GCC_WARN_UNDECLARED_SELECTOR = YES;
				GCC_WARN_UNINITIALIZED_AUTOS = YES_AGGRESSIVE;
				GCC_WARN_UNUSED_FUNCTION = YES;
				GCC_WARN_UNUSED_VARIABLE = YES;
				IPHONEOS_DEPLOYMENT_TARGET = 11.3;
				MTL_ENABLE_DEBUG_INFO = NO;
				SDKROOT = iphoneos;
				SWIFT_COMPILATION_MODE = wholemodule;
				SWIFT_OPTIMIZATION_LEVEL = "-O";
				VALIDATE_PRODUCT = YES;
			};
			name = Release;
		};
		CDAB9A1C2151756400850793 /* Debug */ = {
			isa = XCBuildConfiguration;
			baseConfigurationReference = 527E41776C5BE1B84153AF89 /* Pods-RXSwift-Examples.debug.xcconfig */;
			buildSettings = {
				ASSETCATALOG_COMPILER_APPICON_NAME = AppIcon;
				CODE_SIGN_STYLE = Automatic;
				DEVELOPMENT_TEAM = FDUR7X8MST;
				INFOPLIST_FILE = "RXSwift-Examples/Info.plist";
				LD_RUNPATH_SEARCH_PATHS = "$(inherited) @executable_path/Frameworks";
				PRODUCT_BUNDLE_IDENTIFIER = "com.br.leodegeus.RXSwift-Examples";
				PRODUCT_NAME = "$(TARGET_NAME)";
				SWIFT_VERSION = 4.0;
				TARGETED_DEVICE_FAMILY = "1,2";
			};
			name = Debug;
		};
		CDAB9A1D2151756400850793 /* Release */ = {
			isa = XCBuildConfiguration;
			baseConfigurationReference = A0DBD8EE7AEC7B59D00BE59D /* Pods-RXSwift-Examples.release.xcconfig */;
			buildSettings = {
				ASSETCATALOG_COMPILER_APPICON_NAME = AppIcon;
				CODE_SIGN_STYLE = Automatic;
				DEVELOPMENT_TEAM = FDUR7X8MST;
				INFOPLIST_FILE = "RXSwift-Examples/Info.plist";
				LD_RUNPATH_SEARCH_PATHS = "$(inherited) @executable_path/Frameworks";
				PRODUCT_BUNDLE_IDENTIFIER = "com.br.leodegeus.RXSwift-Examples";
				PRODUCT_NAME = "$(TARGET_NAME)";
				SWIFT_VERSION = 4.0;
				TARGETED_DEVICE_FAMILY = "1,2";
			};
			name = Release;
		};
		CDAB9A1F2151756400850793 /* Debug */ = {
			isa = XCBuildConfiguration;
			baseConfigurationReference = EAAABA5A23520939D848EC06 /* Pods-RXSwift-ExamplesTests.debug.xcconfig */;
			buildSettings = {
				ALWAYS_EMBED_SWIFT_STANDARD_LIBRARIES = YES;
				BUNDLE_LOADER = "$(TEST_HOST)";
				CODE_SIGN_STYLE = Automatic;
				INFOPLIST_FILE = "RXSwift-ExamplesTests/Info.plist";
				LD_RUNPATH_SEARCH_PATHS = "$(inherited) @executable_path/Frameworks @loader_path/Frameworks";
				PRODUCT_BUNDLE_IDENTIFIER = "com.br.leodegeus.RXSwift-ExamplesTests";
				PRODUCT_NAME = "$(TARGET_NAME)";
				SWIFT_VERSION = 4.0;
				TARGETED_DEVICE_FAMILY = "1,2";
				TEST_HOST = "$(BUILT_PRODUCTS_DIR)/RXSwift-Examples.app/RXSwift-Examples";
			};
			name = Debug;
		};
		CDAB9A202151756400850793 /* Release */ = {
			isa = XCBuildConfiguration;
			baseConfigurationReference = 01E2B0A605EAAFD1A934E7DF /* Pods-RXSwift-ExamplesTests.release.xcconfig */;
			buildSettings = {
				ALWAYS_EMBED_SWIFT_STANDARD_LIBRARIES = YES;
				BUNDLE_LOADER = "$(TEST_HOST)";
				CODE_SIGN_STYLE = Automatic;
				INFOPLIST_FILE = "RXSwift-ExamplesTests/Info.plist";
				LD_RUNPATH_SEARCH_PATHS = "$(inherited) @executable_path/Frameworks @loader_path/Frameworks";
				PRODUCT_BUNDLE_IDENTIFIER = "com.br.leodegeus.RXSwift-ExamplesTests";
				PRODUCT_NAME = "$(TARGET_NAME)";
				SWIFT_VERSION = 4.0;
				TARGETED_DEVICE_FAMILY = "1,2";
				TEST_HOST = "$(BUILT_PRODUCTS_DIR)/RXSwift-Examples.app/RXSwift-Examples";
			};
			name = Release;
		};
		CDAB9A222151756400850793 /* Debug */ = {
			isa = XCBuildConfiguration;
			baseConfigurationReference = 4DB0E7AD02954C7A71B61C33 /* Pods-RXSwift-ExamplesUITests.debug.xcconfig */;
			buildSettings = {
				ALWAYS_EMBED_SWIFT_STANDARD_LIBRARIES = YES;
				CODE_SIGN_STYLE = Automatic;
				INFOPLIST_FILE = "RXSwift-ExamplesUITests/Info.plist";
				LD_RUNPATH_SEARCH_PATHS = "$(inherited) @executable_path/Frameworks @loader_path/Frameworks";
				PRODUCT_BUNDLE_IDENTIFIER = "com.br.leodegeus.RXSwift-ExamplesUITests";
				PRODUCT_NAME = "$(TARGET_NAME)";
				SWIFT_VERSION = 4.0;
				TARGETED_DEVICE_FAMILY = "1,2";
				TEST_TARGET_NAME = "RXSwift-Examples";
			};
			name = Debug;
		};
		CDAB9A232151756400850793 /* Release */ = {
			isa = XCBuildConfiguration;
			baseConfigurationReference = B4E7F84EE40683BD8B4DBDE7 /* Pods-RXSwift-ExamplesUITests.release.xcconfig */;
			buildSettings = {
				ALWAYS_EMBED_SWIFT_STANDARD_LIBRARIES = YES;
				CODE_SIGN_STYLE = Automatic;
				INFOPLIST_FILE = "RXSwift-ExamplesUITests/Info.plist";
				LD_RUNPATH_SEARCH_PATHS = "$(inherited) @executable_path/Frameworks @loader_path/Frameworks";
				PRODUCT_BUNDLE_IDENTIFIER = "com.br.leodegeus.RXSwift-ExamplesUITests";
				PRODUCT_NAME = "$(TARGET_NAME)";
				SWIFT_VERSION = 4.0;
				TARGETED_DEVICE_FAMILY = "1,2";
				TEST_TARGET_NAME = "RXSwift-Examples";
			};
			name = Release;
		};
/* End XCBuildConfiguration section */

/* Begin XCConfigurationList section */
		CDAB99EE2151756200850793 /* Build configuration list for PBXProject "RXSwift-Examples" */ = {
			isa = XCConfigurationList;
			buildConfigurations = (
				CDAB9A192151756400850793 /* Debug */,
				CDAB9A1A2151756400850793 /* Release */,
			);
			defaultConfigurationIsVisible = 0;
			defaultConfigurationName = Release;
		};
		CDAB9A1B2151756400850793 /* Build configuration list for PBXNativeTarget "RXSwift-Examples" */ = {
			isa = XCConfigurationList;
			buildConfigurations = (
				CDAB9A1C2151756400850793 /* Debug */,
				CDAB9A1D2151756400850793 /* Release */,
			);
			defaultConfigurationIsVisible = 0;
			defaultConfigurationName = Release;
		};
		CDAB9A1E2151756400850793 /* Build configuration list for PBXNativeTarget "RXSwift-ExamplesTests" */ = {
			isa = XCConfigurationList;
			buildConfigurations = (
				CDAB9A1F2151756400850793 /* Debug */,
				CDAB9A202151756400850793 /* Release */,
			);
			defaultConfigurationIsVisible = 0;
			defaultConfigurationName = Release;
		};
		CDAB9A212151756400850793 /* Build configuration list for PBXNativeTarget "RXSwift-ExamplesUITests" */ = {
			isa = XCConfigurationList;
			buildConfigurations = (
				CDAB9A222151756400850793 /* Debug */,
				CDAB9A232151756400850793 /* Release */,
			);
			defaultConfigurationIsVisible = 0;
			defaultConfigurationName = Release;
		};
/* End XCConfigurationList section */
	};
	rootObject = CDAB99EB2151756200850793 /* Project object */;
}
